# This file is auto-generated by mops.
# It is not intended for manual editing.

[[package]]
name = "base"
version = "0.12.0"
source = "github"
base_dir = "src"
repo = { repo = "dfinity/motoko-base", tag = "misc-patch", commit = "28a673dec0c3a65611be5ecda3617fa3ec0ef0ae", base_dir = "src" }
dependencies = []

[[package]]
name = "prng"
version = "0.0.5"
source = "gl576-4yaaa-aaaam-qapzq-cai"
base_dir = "src"
dependencies = ["base-0.11.2"]
